
Microsoft Visual Studio Solution File, Format Version 12.00
# Visual Studio Version 16
VisualStudioVersion = 16.0.30804.86
MinimumVisualStudioVersion = 10.0.40219.1
Project("{FAE04EC0-301F-11D3-BF4B-00C04F79EFBC}") = "RadioApplication", "RadioApplication\RadioApplication.csproj", "{F1AB83E6-B6E7-4770-9AEE-B268CF81B3D7}"
EndProject
Global
	GlobalSection(SolutionConfigurationPlatforms) = preSolution
		Debug|Any CPU = Debug|Any CPU
		Release|Any CPU = Release|Any CPU
	EndGlobalSection
	GlobalSection(ProjectConfigurationPlatforms) = postSolution
		{F1AB83E6-B6E7-4770-9AEE-B268CF81B3D7}.Debug|Any CPU.ActiveCfg = Debug|Any CPU
		{F1AB83E6-B6E7-4770-9AEE-B268CF81B3D7}.Debug|Any CPU.Build.0 = Debug|Any CPU
		{F1AB83E6-B6E7-4770-9AEE-B268CF81B3D7}.Release|Any CPU.ActiveCfg = Release|Any CPU
		{F1AB83E6-B6E7-4770-9AEE-B268CF81B3D7}.Release|Any CPU.Build.0 = Release|Any CPU
	EndGlobalSection
	GlobalSection(SolutionProperties) = preSolution
		HideSolutionNode = FALSE
	EndGlobalSection
	GlobalSection(ExtensibilityGlobals) = postSolution
		SolutionGuid = {F873FA26-4032-471F-8133-614817251444}
	EndGlobalSection
EndGlobal
